
Microsoft Visual Studio Solution File, Format Version 12.00
# Visual Studio Version 16
VisualStudioVersion = 16.0.32228.343
MinimumVisualStudioVersion = 10.0.40219.1
Project("{FAE04EC0-301F-11D3-BF4B-00C04F79EFBC}") = "IMC GRAFICO", "IMC GRAFICO\IMC GRAFICO.csproj", "{77F4A4F7-F1A8-42F6-88DD-1C2AF82F5E74}"
EndProject
Global
	GlobalSection(SolutionConfigurationPlatforms) = preSolution
		Debug|Any CPU = Debug|Any CPU
		Release|Any CPU = Release|Any CPU
	EndGlobalSection
	GlobalSection(ProjectConfigurationPlatforms) = postSolution
		{77F4A4F7-F1A8-42F6-88DD-1C2AF82F5E74}.Debug|Any CPU.ActiveCfg = Debug|Any CPU
		{77F4A4F7-F1A8-42F6-88DD-1C2AF82F5E74}.Debug|Any CPU.Build.0 = Debug|Any CPU
		{77F4A4F7-F1A8-42F6-88DD-1C2AF82F5E74}.Release|Any CPU.ActiveCfg = Release|Any CPU
		{77F4A4F7-F1A8-42F6-88DD-1C2AF82F5E74}.Release|Any CPU.Build.0 = Release|Any CPU
	EndGlobalSection
	GlobalSection(SolutionProperties) = preSolution
		HideSolutionNode = FALSE
	EndGlobalSection
	GlobalSection(ExtensibilityGlobals) = postSolution
		SolutionGuid = {26D68D2D-1581-4CB8-9E6D-59C78E3759B6}
	EndGlobalSection
EndGlobal
